Microsoft Visual Studio Solution File, Format Version 12.00
# Visual Studio Version 17
VisualStudioVersion = 17.10.34916.146
MinimumVisualStudioVersion = 10.0.40219.1
Project("{FAE04EC0-301F-11D3-BF4B-00C04F79EFBC}") = "WindowsApplication1", "WindowsApplication1.csproj", "{F349F635-5113-44F0-981B-9E028241E950}"
EndProject
Global
	GlobalSection(SolutionConfigurationPlatforms) = preSolution
		Debug|Any CPU = Debug|Any CPU
		Release|Any CPU = Release|Any CPU
	EndGlobalSection
	GlobalSection(ProjectConfigurationPlatforms) = postSolution
		{F349F635-5113-44F0-981B-9E028241E950}.Debug|Any CPU.ActiveCfg = Debug|Any CPU
		{F349F635-5113-44F0-981B-9E028241E950}.Debug|Any CPU.Build.0 = Debug|Any CPU
		{F349F635-5113-44F0-981B-9E028241E950}.Release|Any CPU.ActiveCfg = Release|Any CPU
		{F349F635-5113-44F0-981B-9E028241E950}.Release|Any CPU.Build.0 = Release|Any CPU
	EndGlobalSection
	GlobalSection(SolutionProperties) = preSolution
		HideSolutionNode = FALSE
	EndGlobalSection
	GlobalSection(ExtensibilityGlobals) = postSolution
		SolutionGuid = {83355B88-7DE9-43CA-9731-A9145F342319}
	EndGlobalSection
EndGlobal
